
Microsoft Visual Studio Solution File, Format Version 12.00
# Visual Studio 15
VisualStudioVersion = 15.0.27703.1
MinimumVisualStudioVersion = 10.0.40219.1
Project("{FAE04EC0-301F-11D3-BF4B-00C04F79EFBC}") = "BotTheWeb", "BotTheWeb\BotTheWeb.csproj", "{C8D3C037-F210-4E50-8248-3A7B2023DFC1}"
EndProject
Global
	GlobalSection(SolutionConfigurationPlatforms) = preSolution
		Debug|Any CPU = Debug|Any CPU
		Release|Any CPU = Release|Any CPU
	EndGlobalSection
	GlobalSection(ProjectConfigurationPlatforms) = postSolution
		{C8D3C037-F210-4E50-8248-3A7B2023DFC1}.Debug|Any CPU.ActiveCfg = Debug|Any CPU
		{C8D3C037-F210-4E50-8248-3A7B2023DFC1}.Debug|Any CPU.Build.0 = Debug|Any CPU
		{C8D3C037-F210-4E50-8248-3A7B2023DFC1}.Release|Any CPU.ActiveCfg = Release|Any CPU
		{C8D3C037-F210-4E50-8248-3A7B2023DFC1}.Release|Any CPU.Build.0 = Release|Any CPU
	EndGlobalSection
	GlobalSection(SolutionProperties) = preSolution
		HideSolutionNode = FALSE
	EndGlobalSection
	GlobalSection(ExtensibilityGlobals) = postSolution
		SolutionGuid = {A53EEB88-37C4-4B8D-8F7F-DA5F8BF76442}
	EndGlobalSection
EndGlobal
